
Microsoft Visual Studio Solution File, Format Version 11.00
# Visual Studio 2010
Project("{FAE04EC0-301F-11D3-BF4B-00C04F79EFBC}") = "Assignment3", "Assignment3\Assignment3.csproj", "{878505E1-74B5-44AE-B7E2-77812E0B6974}"
EndProject
Global
	GlobalSection(SolutionConfigurationPlatforms) = preSolution
		Debug|x86 = Debug|x86
		Release|x86 = Release|x86
	EndGlobalSection
	GlobalSection(ProjectConfigurationPlatforms) = postSolution
		{878505E1-74B5-44AE-B7E2-77812E0B6974}.Debug|x86.ActiveCfg = Debug|x86
		{878505E1-74B5-44AE-B7E2-77812E0B6974}.Debug|x86.Build.0 = Debug|x86
		{878505E1-74B5-44AE-B7E2-77812E0B6974}.Release|x86.ActiveCfg = Release|x86
		{878505E1-74B5-44AE-B7E2-77812E0B6974}.Release|x86.Build.0 = Release|x86
	EndGlobalSection
	GlobalSection(SolutionProperties) = preSolution
		HideSolutionNode = FALSE
	EndGlobalSection
EndGlobal
